
Microsoft Visual Studio Solution File, Format Version 12.00
# Visual Studio Version 17
VisualStudioVersion = 17.8.34330.188
MinimumVisualStudioVersion = 10.0.40219.1
Project("{FAE04EC0-301F-11D3-BF4B-00C04F79EFBC}") = "AlgosTests", "AlgosTests\AlgosTests.csproj", "{ED2FC458-C6D7-4D90-9613-8F997768D844}"
EndProject
Project("{FAE04EC0-301F-11D3-BF4B-00C04F79EFBC}") = "Algos", "Algos\Algos.csproj", "{2ACCA503-5978-4381-A010-A70D0D2E042F}"
EndProject
Global
	GlobalSection(SolutionConfigurationPlatforms) = preSolution
		Debug|Any CPU = Debug|Any CPU
		Release|Any CPU = Release|Any CPU
	EndGlobalSection
	GlobalSection(ProjectConfigurationPlatforms) = postSolution
		{ED2FC458-C6D7-4D90-9613-8F997768D844}.Debug|Any CPU.ActiveCfg = Debug|Any CPU
		{ED2FC458-C6D7-4D90-9613-8F997768D844}.Debug|Any CPU.Build.0 = Debug|Any CPU
		{ED2FC458-C6D7-4D90-9613-8F997768D844}.Release|Any CPU.ActiveCfg = Release|Any CPU
		{ED2FC458-C6D7-4D90-9613-8F997768D844}.Release|Any CPU.Build.0 = Release|Any CPU
		{2ACCA503-5978-4381-A010-A70D0D2E042F}.Debug|Any CPU.ActiveCfg = Debug|Any CPU
		{2ACCA503-5978-4381-A010-A70D0D2E042F}.Debug|Any CPU.Build.0 = Debug|Any CPU
		{2ACCA503-5978-4381-A010-A70D0D2E042F}.Release|Any CPU.ActiveCfg = Release|Any CPU
		{2ACCA503-5978-4381-A010-A70D0D2E042F}.Release|Any CPU.Build.0 = Release|Any CPU
	EndGlobalSection
	GlobalSection(SolutionProperties) = preSolution
		HideSolutionNode = FALSE
	EndGlobalSection
	GlobalSection(ExtensibilityGlobals) = postSolution
		SolutionGuid = {29D44734-99A6-4703-822C-52980712519F}
	EndGlobalSection
EndGlobal
